
Microsoft Visual Studio Solution File, Format Version 12.00
# Visual Studio Version 17
VisualStudioVersion = 17.8.34330.188
MinimumVisualStudioVersion = 10.0.40219.1
Project("{9A19103F-16F7-4668-BE54-9A1E7A4F7556}") = "BuilderDPExample", "BuilderDPExampleOne\BuilderDPExample.csproj", "{A50E7DE4-A2B1-4A82-B1E2-26701430E2C0}"
EndProject
Global
	GlobalSection(SolutionConfigurationPlatforms) = preSolution
		Debug|Any CPU = Debug|Any CPU
		Release|Any CPU = Release|Any CPU
	EndGlobalSection
	GlobalSection(ProjectConfigurationPlatforms) = postSolution
		{A50E7DE4-A2B1-4A82-B1E2-26701430E2C0}.Debug|Any CPU.ActiveCfg = Debug|Any CPU
		{A50E7DE4-A2B1-4A82-B1E2-26701430E2C0}.Debug|Any CPU.Build.0 = Debug|Any CPU
		{A50E7DE4-A2B1-4A82-B1E2-26701430E2C0}.Release|Any CPU.ActiveCfg = Release|Any CPU
		{A50E7DE4-A2B1-4A82-B1E2-26701430E2C0}.Release|Any CPU.Build.0 = Release|Any CPU
	EndGlobalSection
	GlobalSection(SolutionProperties) = preSolution
		HideSolutionNode = FALSE
	EndGlobalSection
	GlobalSection(ExtensibilityGlobals) = postSolution
		SolutionGuid = {EA4B6FD0-815F-49BF-8D55-231C6A4291FA}
	EndGlobalSection
EndGlobal
